
Microsoft Visual Studio Solution File, Format Version 12.00
# Visual Studio Version 16
VisualStudioVersion = 16.0.32106.194
MinimumVisualStudioVersion = 10.0.40219.1
Project("{9A19103F-16F7-4668-BE54-9A1E7A4F7556}") = "Crime Finder", "Crime Finder\Crime Finder.csproj", "{7663F713-F982-4B58-BEC5-35F915E78D0D}"
EndProject
Project("{FAE04EC0-301F-11D3-BF4B-00C04F79EFBC}") = "CrimeFinderNUnitTests", "CrimeFinderNUnitTests\CrimeFinderNUnitTests.csproj", "{7CCC4420-0BA3-4AB4-8285-7684580CD56D}"
EndProject
Global
	GlobalSection(SolutionConfigurationPlatforms) = preSolution
		Debug|Any CPU = Debug|Any CPU
		Release|Any CPU = Release|Any CPU
	EndGlobalSection
	GlobalSection(ProjectConfigurationPlatforms) = postSolution
		{7663F713-F982-4B58-BEC5-35F915E78D0D}.Debug|Any CPU.ActiveCfg = Debug|Any CPU
		{7663F713-F982-4B58-BEC5-35F915E78D0D}.Debug|Any CPU.Build.0 = Debug|Any CPU
		{7663F713-F982-4B58-BEC5-35F915E78D0D}.Release|Any CPU.ActiveCfg = Release|Any CPU
		{7663F713-F982-4B58-BEC5-35F915E78D0D}.Release|Any CPU.Build.0 = Release|Any CPU
		{7CCC4420-0BA3-4AB4-8285-7684580CD56D}.Debug|Any CPU.ActiveCfg = Debug|Any CPU
		{7CCC4420-0BA3-4AB4-8285-7684580CD56D}.Debug|Any CPU.Build.0 = Debug|Any CPU
		{7CCC4420-0BA3-4AB4-8285-7684580CD56D}.Release|Any CPU.ActiveCfg = Release|Any CPU
		{7CCC4420-0BA3-4AB4-8285-7684580CD56D}.Release|Any CPU.Build.0 = Release|Any CPU
	EndGlobalSection
	GlobalSection(SolutionProperties) = preSolution
		HideSolutionNode = FALSE
	EndGlobalSection
	GlobalSection(ExtensibilityGlobals) = postSolution
		SolutionGuid = {82C45CC4-B2C8-43A1-90BC-B751B0430AAD}
	EndGlobalSection
EndGlobal
